
Microsoft Visual Studio Solution File, Format Version 12.00
# Visual Studio Version 17
VisualStudioVersion = 17.7.34018.315
MinimumVisualStudioVersion = 10.0.40219.1
Project("{9A19103F-16F7-4668-BE54-9A1E7A4F7556}") = "minesweeper", "Minesweeper\minesweeper.csproj", "{6FA3318F-225E-4373-BBAC-5EF30F46BEC0}"
EndProject
Global
	GlobalSection(SolutionConfigurationPlatforms) = preSolution
		Debug|Any CPU = Debug|Any CPU
		Release|Any CPU = Release|Any CPU
	EndGlobalSection
	GlobalSection(ProjectConfigurationPlatforms) = postSolution
		{6FA3318F-225E-4373-BBAC-5EF30F46BEC0}.Debug|Any CPU.ActiveCfg = Debug|Any CPU
		{6FA3318F-225E-4373-BBAC-5EF30F46BEC0}.Debug|Any CPU.Build.0 = Debug|Any CPU
		{6FA3318F-225E-4373-BBAC-5EF30F46BEC0}.Release|Any CPU.ActiveCfg = Release|Any CPU
		{6FA3318F-225E-4373-BBAC-5EF30F46BEC0}.Release|Any CPU.Build.0 = Release|Any CPU
	EndGlobalSection
	GlobalSection(SolutionProperties) = preSolution
		HideSolutionNode = FALSE
	EndGlobalSection
	GlobalSection(ExtensibilityGlobals) = postSolution
		SolutionGuid = {50EA18D5-8A2B-48C4-A562-0EBDFC272BC7}
	EndGlobalSection
EndGlobal
